// !$*UTF8*$!
{
	archiveVersion = 1;
	classes = {
	};
	objectVersion = 56;
	objects = {

/* Begin PBXBuildFile section */
		44A86BFFFB828355354192CC /* Pods_ChatApp.framework in Frameworks */ = {isa = PBXBuildFile; fileRef = 2DAEA67B6CBC7D4D72694881 /* Pods_ChatApp.framework */; };
		CF07F4702958171C007BDB4F /* Raleway-Bold.ttf in Resources */ = {isa = PBXBuildFile; fileRef = CF07F46F2958171C007BDB4F /* Raleway-Bold.ttf */; };
		CF07F4732958182E007BDB4F /* ProfileScreen.swift in Sources */ = {isa = PBXBuildFile; fileRef = CF07F4722958182E007BDB4F /* ProfileScreen.swift */; };
		CF07F47729581FC3007BDB4F /* MenuItem.swift in Sources */ = {isa = PBXBuildFile; fileRef = CF07F47629581FC3007BDB4F /* MenuItem.swift */; };
		CF07F47929582112007BDB4F /* LargeButton.swift in Sources */ = {isa = PBXBuildFile; fileRef = CF07F47829582112007BDB4F /* LargeButton.swift */; };
		CF07F48029582C52007BDB4F /* DummyModel.swift in Sources */ = {isa = PBXBuildFile; fileRef = CF07F47F29582C52007BDB4F /* DummyModel.swift */; };
		CF07F48429582D69007BDB4F /* ChatRoom.swift in Sources */ = {isa = PBXBuildFile; fileRef = CF07F48329582D69007BDB4F /* ChatRoom.swift */; };
		CF07F487295830BB007BDB4F /* ChatRoomHeader.swift in Sources */ = {isa = PBXBuildFile; fileRef = CF07F486295830BB007BDB4F /* ChatRoomHeader.swift */; };
		CF07F48929583443007BDB4F /* CustomButton.swift in Sources */ = {isa = PBXBuildFile; fileRef = CF07F48829583443007BDB4F /* CustomButton.swift */; };
		CF07F48B2958377D007BDB4F /* Constsnt.swift in Sources */ = {isa = PBXBuildFile; fileRef = CF07F48A2958377D007BDB4F /* Constsnt.swift */; };
		CF12E11329689A59009B677C /* Reachability.swift in Sources */ = {isa = PBXBuildFile; fileRef = CF12E11229689A59009B677C /* Reachability.swift */; };
		CF12E11529689BB3009B677C /* AFWrapper.swift in Sources */ = {isa = PBXBuildFile; fileRef = CF12E11429689BB3009B677C /* AFWrapper.swift */; };
		CF12E11729689C22009B677C /* ApplicationServiceProvider.swift in Sources */ = {isa = PBXBuildFile; fileRef = CF12E11629689C22009B677C /* ApplicationServiceProvider.swift */; };
		CF12E11929689FD0009B677C /* UserDefalutManger.swift in Sources */ = {isa = PBXBuildFile; fileRef = CF12E11829689FD0009B677C /* UserDefalutManger.swift */; };
		CF2D3304295FFA5E00D286DE /* ChatDataSource.swift in Sources */ = {isa = PBXBuildFile; fileRef = CF2D3303295FFA5E00D286DE /* ChatDataSource.swift */; };
		CF2D330729600C5D00D286DE /* ReceiveMessageCellVM.swift in Sources */ = {isa = PBXBuildFile; fileRef = CF2D330629600C5D00D286DE /* ReceiveMessageCellVM.swift */; };
		CF2D3309296012C400D286DE /* CustomScrollView.swift in Sources */ = {isa = PBXBuildFile; fileRef = CF2D3308296012C400D286DE /* CustomScrollView.swift */; };
		CF2D330B296015D700D286DE /* CustomFilePicker.swift in Sources */ = {isa = PBXBuildFile; fileRef = CF2D330A296015D700D286DE /* CustomFilePicker.swift */; };
		CF2D330D2961E24900D286DE /* CustomAlert.swift in Sources */ = {isa = PBXBuildFile; fileRef = CF2D330C2961E24900D286DE /* CustomAlert.swift */; };
		CF2D330F2961EA7300D286DE /* BottomSheet.swift in Sources */ = {isa = PBXBuildFile; fileRef = CF2D330E2961EA7300D286DE /* BottomSheet.swift */; };
		CF2D33112961ECCE00D286DE /* BottomOption.swift in Sources */ = {isa = PBXBuildFile; fileRef = CF2D33102961ECCE00D286DE /* BottomOption.swift */; };
		CF2D33132961F4DA00D286DE /* ButtonOutLineWithImage.swift in Sources */ = {isa = PBXBuildFile; fileRef = CF2D33122961F4DA00D286DE /* ButtonOutLineWithImage.swift */; };
		CF2D33152961F59C00D286DE /* ImagePickerView.swift in Sources */ = {isa = PBXBuildFile; fileRef = CF2D33142961F59C00D286DE /* ImagePickerView.swift */; };
		CF433FC42956D06A00FFFB6D /* ColorConstant.swift in Sources */ = {isa = PBXBuildFile; fileRef = CF433FC32956D06A00FFFB6D /* ColorConstant.swift */; };
		CF433FC62956DB1100FFFB6D /* ChatUserView.swift in Sources */ = {isa = PBXBuildFile; fileRef = CF433FC52956DB1100FFFB6D /* ChatUserView.swift */; };
		CF433FC82956DCB000FFFB6D /* Font+Extensions.swift in Sources */ = {isa = PBXBuildFile; fileRef = CF433FC72956DCB000FFFB6D /* Font+Extensions.swift */; };
		CF433FCC2956E30900FFFB6D /* HeaderView.swift in Sources */ = {isa = PBXBuildFile; fileRef = CF433FCB2956E30900FFFB6D /* HeaderView.swift */; };
		CF43F9A8296305EF00271CA3 /* StorageManager.swift in Sources */ = {isa = PBXBuildFile; fileRef = CF43F9A7296305EF00271CA3 /* StorageManager.swift */; };
		CF43F9AA2963C5CF00271CA3 /* DatabaseManager.swift in Sources */ = {isa = PBXBuildFile; fileRef = CF43F9A92963C5CF00271CA3 /* DatabaseManager.swift */; };
		CF573CDF2958817200A263B1 /* MessageInput.swift in Sources */ = {isa = PBXBuildFile; fileRef = CF573CDE2958817200A263B1 /* MessageInput.swift */; };
		CF632C0929683FFD003A005D /* TextMessageView.swift in Sources */ = {isa = PBXBuildFile; fileRef = CF632C0829683FFC003A005D /* TextMessageView.swift */; };
		CF632C0B29684053003A005D /* PDFMessageView.swift in Sources */ = {isa = PBXBuildFile; fileRef = CF632C0A29684053003A005D /* PDFMessageView.swift */; };
		CF632C0D29684611003A005D /* LocationMessageView.swift in Sources */ = {isa = PBXBuildFile; fileRef = CF632C0C29684611003A005D /* LocationMessageView.swift */; };
		CF632C0F29685CD3003A005D /* ImageMessageView.swift in Sources */ = {isa = PBXBuildFile; fileRef = CF632C0E29685CD3003A005D /* ImageMessageView.swift */; };
		CF632C1229686B83003A005D /* LoginVIew.swift in Sources */ = {isa = PBXBuildFile; fileRef = CF632C1129686B83003A005D /* LoginVIew.swift */; };
		CF632C1529686F1B003A005D /* SocialLoginButton.swift in Sources */ = {isa = PBXBuildFile; fileRef = CF632C1429686F1B003A005D /* SocialLoginButton.swift */; };
		CF632C17296871D3003A005D /* TextFiledInput.swift in Sources */ = {isa = PBXBuildFile; fileRef = CF632C16296871D3003A005D /* TextFiledInput.swift */; };
		CF632C19296878D5003A005D /* CommonButton.swift in Sources */ = {isa = PBXBuildFile; fileRef = CF632C18296878D5003A005D /* CommonButton.swift */; };
		CF632C1B2968830C003A005D /* TextFiledPassword.swift in Sources */ = {isa = PBXBuildFile; fileRef = CF632C1A2968830C003A005D /* TextFiledPassword.swift */; };
		CF632C1D29688695003A005D /* LoginViewVM.swift in Sources */ = {isa = PBXBuildFile; fileRef = CF632C1C29688695003A005D /* LoginViewVM.swift */; };
		CF632C1F296886F8003A005D /* Validators.swift in Sources */ = {isa = PBXBuildFile; fileRef = CF632C1E296886F8003A005D /* Validators.swift */; };
		CF635D962955AEF700B66D53 /* ViewRouter.swift in Sources */ = {isa = PBXBuildFile; fileRef = CF635D952955AEF700B66D53 /* ViewRouter.swift */; };
		CF635D982955AFC200B66D53 /* RootView.swift in Sources */ = {isa = PBXBuildFile; fileRef = CF635D972955AFC200B66D53 /* RootView.swift */; };
		CF635D9E2955B88A00B66D53 /* ChatList.swift in Sources */ = {isa = PBXBuildFile; fileRef = CF635D9D2955B88A00B66D53 /* ChatList.swift */; };
		CF67171429594608001C53FE /* SenderTextMessageCellView.swift in Sources */ = {isa = PBXBuildFile; fileRef = CF67171329594608001C53FE /* SenderTextMessageCellView.swift */; };
		CF671716295946CC001C53FE /* Extensions.swift in Sources */ = {isa = PBXBuildFile; fileRef = CF671715295946CC001C53FE /* Extensions.swift */; };
		CF67171829594BCF001C53FE /* ReceiveMessageCellView.swift in Sources */ = {isa = PBXBuildFile; fileRef = CF67171729594BCF001C53FE /* ReceiveMessageCellView.swift */; };
		CF67171A295964B7001C53FE /* Handlers.swift in Sources */ = {isa = PBXBuildFile; fileRef = CF671719295964B7001C53FE /* Handlers.swift */; };
		CF67171D29596898001C53FE /* CommonAlert.swift in Sources */ = {isa = PBXBuildFile; fileRef = CF67171C29596898001C53FE /* CommonAlert.swift */; };
		CF67171F29596B85001C53FE /* BaseView.swift in Sources */ = {isa = PBXBuildFile; fileRef = CF67171E29596B85001C53FE /* BaseView.swift */; };
		CF70E76A2958AB0C00B70565 /* GoogleService-Info.plist in Resources */ = {isa = PBXBuildFile; fileRef = CF70E7692958AB0C00B70565 /* GoogleService-Info.plist */; };
		CF70E76C2958ABE400B70565 /* ChatRoomVM.swift in Sources */ = {isa = PBXBuildFile; fileRef = CF70E76B2958ABE400B70565 /* ChatRoomVM.swift */; };
		CF70E76F2958AC0900B70565 /* BaseVM.swift in Sources */ = {isa = PBXBuildFile; fileRef = CF70E76E2958AC0900B70565 /* BaseVM.swift */; };
		CF73CBDC2956C49D005E5D5F /* launchscreen.storyboard in Resources */ = {isa = PBXBuildFile; fileRef = CF73CBDB2956C49D005E5D5F /* launchscreen.storyboard */; };
		CFAB416329739B6C00FB00D4 /* MapView.swift in Sources */ = {isa = PBXBuildFile; fileRef = CFAB415E29739B6B00FB00D4 /* MapView.swift */; };
		CFAB416429739B6C00FB00D4 /* LocalizedStringKey+toString.swift in Sources */ = {isa = PBXBuildFile; fileRef = CFAB415F29739B6B00FB00D4 /* LocalizedStringKey+toString.swift */; };
		CFAB416629739B6C00FB00D4 /* VisualEffectView.swift in Sources */ = {isa = PBXBuildFile; fileRef = CFAB416129739B6C00FB00D4 /* VisualEffectView.swift */; };
		CFAB41682973AF0800FB00D4 /* NewLocationPicker.swift in Sources */ = {isa = PBXBuildFile; fileRef = CFAB41672973AF0800FB00D4 /* NewLocationPicker.swift */; };
		CFAB416A2973B76300FB00D4 /* LocationManager.swift in Sources */ = {isa = PBXBuildFile; fileRef = CFAB41692973B76300FB00D4 /* LocationManager.swift */; };
		CFC2A4A32955774A00DE6AE9 /* ChatAppApp.swift in Sources */ = {isa = PBXBuildFile; fileRef = CFC2A4A22955774A00DE6AE9 /* ChatAppApp.swift */; };
		CFC2A4A72955774C00DE6AE9 /* Assets.xcassets in Resources */ = {isa = PBXBuildFile; fileRef = CFC2A4A62955774C00DE6AE9 /* Assets.xcassets */; };
		CFC2A4AA2955774C00DE6AE9 /* Preview Assets.xcassets in Resources */ = {isa = PBXBuildFile; fileRef = CFC2A4A92955774C00DE6AE9 /* Preview Assets.xcassets */; };
		CFC2A4AC2955774C00DE6AE9 /* Persistence.swift in Sources */ = {isa = PBXBuildFile; fileRef = CFC2A4AB2955774C00DE6AE9 /* Persistence.swift */; };
		CFC2A4AF2955774C00DE6AE9 /* ChatApp.xcdatamodeld in Sources */ = {isa = PBXBuildFile; fileRef = CFC2A4AD2955774C00DE6AE9 /* ChatApp.xcdatamodeld */; };
		CFC2A4B629557A3A00DE6AE9 /* HomePage.swift in Sources */ = {isa = PBXBuildFile; fileRef = CFC2A4B529557A3A00DE6AE9 /* HomePage.swift */; };
		CFC2A4BA29557C6D00DE6AE9 /* TabItemData.swift in Sources */ = {isa = PBXBuildFile; fileRef = CFC2A4B929557C6D00DE6AE9 /* TabItemData.swift */; };
		CFC2A4BC29557C8A00DE6AE9 /* TabItemView.swift in Sources */ = {isa = PBXBuildFile; fileRef = CFC2A4BB29557C8A00DE6AE9 /* TabItemView.swift */; };
		CFC2A4BE29557CFA00DE6AE9 /* MainTabView.swift in Sources */ = {isa = PBXBuildFile; fileRef = CFC2A4BD29557CFA00DE6AE9 /* MainTabView.swift */; };
/* End PBXBuildFile section */

/* Begin PBXFileReference section */
		2DAEA67B6CBC7D4D72694881 /* Pods_ChatApp.framework */ = {isa = PBXFileReference; explicitFileType = wrapper.framework; includeInIndex = 0; path = Pods_ChatApp.framework; sourceTree = BUILT_PRODUCTS_DIR; };
		CF07F46F2958171C007BDB4F /* Raleway-Bold.ttf */ = {isa = PBXFileReference; lastKnownFileType = file; path = "Raleway-Bold.ttf"; sourceTree = "<group>"; };
		CF07F4722958182E007BDB4F /* ProfileScreen.swift */ = {isa = PBXFileReference; lastKnownFileType = sourcecode.swift; path = ProfileScreen.swift; sourceTree = "<group>"; };
		CF07F47429581CCB007BDB4F /* Raleway-SemiBold.ttf */ = {isa = PBXFileReference; lastKnownFileType = file; path = "Raleway-SemiBold.ttf"; sourceTree = "<group>"; };
		CF07F47629581FC3007BDB4F /* MenuItem.swift */ = {isa = PBXFileReference; lastKnownFileType = sourcecode.swift; path = MenuItem.swift; sourceTree = "<group>"; };
		CF07F47829582112007BDB4F /* LargeButton.swift */ = {isa = PBXFileReference; lastKnownFileType = sourcecode.swift; path = LargeButton.swift; sourceTree = "<group>"; };
		CF07F47F29582C52007BDB4F /* DummyModel.swift */ = {isa = PBXFileReference; lastKnownFileType = sourcecode.swift; path = DummyModel.swift; sourceTree = "<group>"; };
		CF07F48329582D69007BDB4F /* ChatRoom.swift */ = {isa = PBXFileReference; lastKnownFileType = sourcecode.swift; path = ChatRoom.swift; sourceTree = "<group>"; };
		CF07F486295830BB007BDB4F /* ChatRoomHeader.swift */ = {isa = PBXFileReference; lastKnownFileType = sourcecode.swift; path = ChatRoomHeader.swift; sourceTree = "<group>"; };
		CF07F48829583443007BDB4F /* CustomButton.swift */ = {isa = PBXFileReference; lastKnownFileType = sourcecode.swift; path = CustomButton.swift; sourceTree = "<group>"; };
		CF07F48A2958377D007BDB4F /* Constsnt.swift */ = {isa = PBXFileReference; lastKnownFileType = sourcecode.swift; path = Constsnt.swift; sourceTree = "<group>"; };
		CF12E11229689A59009B677C /* Reachability.swift */ = {isa = PBXFileReference; lastKnownFileType = sourcecode.swift; path = Reachability.swift; sourceTree = "<group>"; };
		CF12E11429689BB3009B677C /* AFWrapper.swift */ = {isa = PBXFileReference; lastKnownFileType = sourcecode.swift; path = AFWrapper.swift; sourceTree = "<group>"; };
		CF12E11629689C22009B677C /* ApplicationServiceProvider.swift */ = {isa = PBXFileReference; lastKnownFileType = sourcecode.swift; path = ApplicationServiceProvider.swift; sourceTree = "<group>"; };
		CF12E11829689FD0009B677C /* UserDefalutManger.swift */ = {isa = PBXFileReference; lastKnownFileType = sourcecode.swift; path = UserDefalutManger.swift; sourceTree = "<group>"; };
		CF2D3303295FFA5E00D286DE /* ChatDataSource.swift */ = {isa = PBXFileReference; lastKnownFileType = sourcecode.swift; path = ChatDataSource.swift; sourceTree = "<group>"; };
		CF2D330629600C5D00D286DE /* ReceiveMessageCellVM.swift */ = {isa = PBXFileReference; lastKnownFileType = sourcecode.swift; path = ReceiveMessageCellVM.swift; sourceTree = "<group>"; };
		CF2D3308296012C400D286DE /* CustomScrollView.swift */ = {isa = PBXFileReference; lastKnownFileType = sourcecode.swift; path = CustomScrollView.swift; sourceTree = "<group>"; };
		CF2D330A296015D700D286DE /* CustomFilePicker.swift */ = {isa = PBXFileReference; lastKnownFileType = sourcecode.swift; path = CustomFilePicker.swift; sourceTree = "<group>"; };
		CF2D330C2961E24900D286DE /* CustomAlert.swift */ = {isa = PBXFileReference; lastKnownFileType = sourcecode.swift; path = CustomAlert.swift; sourceTree = "<group>"; };
		CF2D330E2961EA7300D286DE /* BottomSheet.swift */ = {isa = PBXFileReference; lastKnownFileType = sourcecode.swift; path = BottomSheet.swift; sourceTree = "<group>"; };
		CF2D33102961ECCE00D286DE /* BottomOption.swift */ = {isa = PBXFileReference; lastKnownFileType = sourcecode.swift; path = BottomOption.swift; sourceTree = "<group>"; };
		CF2D33122961F4DA00D286DE /* ButtonOutLineWithImage.swift */ = {isa = PBXFileReference; lastKnownFileType = sourcecode.swift; path = ButtonOutLineWithImage.swift; sourceTree = "<group>"; };
		CF2D33142961F59C00D286DE /* ImagePickerView.swift */ = {isa = PBXFileReference; lastKnownFileType = sourcecode.swift; path = ImagePickerView.swift; sourceTree = "<group>"; };
		CF433FBC2956CBD200FFFB6D /* DMSans-Regular.ttf */ = {isa = PBXFileReference; lastKnownFileType = file; path = "DMSans-Regular.ttf"; sourceTree = "<group>"; };
		CF433FBF2956CBD200FFFB6D /* DMSans-Bold.ttf */ = {isa = PBXFileReference; lastKnownFileType = file; path = "DMSans-Bold.ttf"; sourceTree = "<group>"; };
		CF433FC02956CBD200FFFB6D /* DMSans-Medium.ttf */ = {isa = PBXFileReference; lastKnownFileType = file; path = "DMSans-Medium.ttf"; sourceTree = "<group>"; };
		CF433FC12956CC1B00FFFB6D /* Info.plist */ = {isa = PBXFileReference; lastKnownFileType = text.plist; path = Info.plist; sourceTree = "<group>"; };
		CF433FC32956D06A00FFFB6D /* ColorConstant.swift */ = {isa = PBXFileReference; lastKnownFileType = sourcecode.swift; path = ColorConstant.swift; sourceTree = "<group>"; };
		CF433FC52956DB1100FFFB6D /* ChatUserView.swift */ = {isa = PBXFileReference; lastKnownFileType = sourcecode.swift; path = ChatUserView.swift; sourceTree = "<group>"; };
		CF433FC72956DCB000FFFB6D /* Font+Extensions.swift */ = {isa = PBXFileReference; lastKnownFileType = sourcecode.swift; path = "Font+Extensions.swift"; sourceTree = "<group>"; };
		CF433FCB2956E30900FFFB6D /* HeaderView.swift */ = {isa = PBXFileReference; lastKnownFileType = sourcecode.swift; path = HeaderView.swift; sourceTree = "<group>"; };
		CF43F9A7296305EF00271CA3 /* StorageManager.swift */ = {isa = PBXFileReference; lastKnownFileType = sourcecode.swift; path = StorageManager.swift; sourceTree = "<group>"; };
		CF43F9A92963C5CF00271CA3 /* DatabaseManager.swift */ = {isa = PBXFileReference; lastKnownFileType = sourcecode.swift; path = DatabaseManager.swift; sourceTree = "<group>"; };
		CF573CDE2958817200A263B1 /* MessageInput.swift */ = {isa = PBXFileReference; lastKnownFileType = sourcecode.swift; path = MessageInput.swift; sourceTree = "<group>"; };
		CF632C0829683FFC003A005D /* TextMessageView.swift */ = {isa = PBXFileReference; lastKnownFileType = sourcecode.swift; path = TextMessageView.swift; sourceTree = "<group>"; };
		CF632C0A29684053003A005D /* PDFMessageView.swift */ = {isa = PBXFileReference; lastKnownFileType = sourcecode.swift; path = PDFMessageView.swift; sourceTree = "<group>"; };
		CF632C0C29684611003A005D /* LocationMessageView.swift */ = {isa = PBXFileReference; lastKnownFileType = sourcecode.swift; path = LocationMessageView.swift; sourceTree = "<group>"; };
		CF632C0E29685CD3003A005D /* ImageMessageView.swift */ = {isa = PBXFileReference; lastKnownFileType = sourcecode.swift; path = ImageMessageView.swift; sourceTree = "<group>"; };
		CF632C1129686B83003A005D /* LoginVIew.swift */ = {isa = PBXFileReference; lastKnownFileType = sourcecode.swift; path = LoginVIew.swift; sourceTree = "<group>"; };
		CF632C1429686F1B003A005D /* SocialLoginButton.swift */ = {isa = PBXFileReference; lastKnownFileType = sourcecode.swift; path = SocialLoginButton.swift; sourceTree = "<group>"; };
		CF632C16296871D3003A005D /* TextFiledInput.swift */ = {isa = PBXFileReference; lastKnownFileType = sourcecode.swift; path = TextFiledInput.swift; sourceTree = "<group>"; };
		CF632C18296878D5003A005D /* CommonButton.swift */ = {isa = PBXFileReference; lastKnownFileType = sourcecode.swift; path = CommonButton.swift; sourceTree = "<group>"; };
		CF632C1A2968830C003A005D /* TextFiledPassword.swift */ = {isa = PBXFileReference; lastKnownFileType = sourcecode.swift; path = TextFiledPassword.swift; sourceTree = "<group>"; };
		CF632C1C29688695003A005D /* LoginViewVM.swift */ = {isa = PBXFileReference; lastKnownFileType = sourcecode.swift; path = LoginViewVM.swift; sourceTree = "<group>"; };
		CF632C1E296886F8003A005D /* Validators.swift */ = {isa = PBXFileReference; lastKnownFileType = sourcecode.swift; path = Validators.swift; sourceTree = "<group>"; };
		CF635D952955AEF700B66D53 /* ViewRouter.swift */ = {isa = PBXFileReference; lastKnownFileType = sourcecode.swift; path = ViewRouter.swift; sourceTree = "<group>"; };
		CF635D972955AFC200B66D53 /* RootView.swift */ = {isa = PBXFileReference; lastKnownFileType = sourcecode.swift; path = RootView.swift; sourceTree = "<group>"; };
		CF635D9D2955B88A00B66D53 /* ChatList.swift */ = {isa = PBXFileReference; lastKnownFileType = sourcecode.swift; path = ChatList.swift; sourceTree = "<group>"; };
		CF67171329594608001C53FE /* SenderTextMessageCellView.swift */ = {isa = PBXFileReference; lastKnownFileType = sourcecode.swift; path = SenderTextMessageCellView.swift; sourceTree = "<group>"; };
		CF671715295946CC001C53FE /* Extensions.swift */ = {isa = PBXFileReference; lastKnownFileType = sourcecode.swift; path = Extensions.swift; sourceTree = "<group>"; };
		CF67171729594BCF001C53FE /* ReceiveMessageCellView.swift */ = {isa = PBXFileReference; lastKnownFileType = sourcecode.swift; name = ReceiveMessageCellView.swift; path = "../New Group/ReceiveMessageCellView.swift"; sourceTree = "<group>"; };
		CF671719295964B7001C53FE /* Handlers.swift */ = {isa = PBXFileReference; lastKnownFileType = sourcecode.swift; path = Handlers.swift; sourceTree = "<group>"; };
		CF67171C29596898001C53FE /* CommonAlert.swift */ = {isa = PBXFileReference; lastKnownFileType = sourcecode.swift; path = CommonAlert.swift; sourceTree = "<group>"; };
		CF67171E29596B85001C53FE /* BaseView.swift */ = {isa = PBXFileReference; lastKnownFileType = sourcecode.swift; path = BaseView.swift; sourceTree = "<group>"; };
		CF70E7692958AB0C00B70565 /* GoogleService-Info.plist */ = {isa = PBXFileReference; fileEncoding = 4; lastKnownFileType = text.plist.xml; path = "GoogleService-Info.plist"; sourceTree = "<group>"; };
		CF70E76B2958ABE400B70565 /* ChatRoomVM.swift */ = {isa = PBXFileReference; lastKnownFileType = sourcecode.swift; path = ChatRoomVM.swift; sourceTree = "<group>"; };
		CF70E76E2958AC0900B70565 /* BaseVM.swift */ = {isa = PBXFileReference; lastKnownFileType = sourcecode.swift; path = BaseVM.swift; sourceTree = "<group>"; };
		CF73CBDB2956C49D005E5D5F /* launchscreen.storyboard */ = {isa = PBXFileReference; lastKnownFileType = file.storyboard; path = launchscreen.storyboard; sourceTree = "<group>"; };
		CFAB415E29739B6B00FB00D4 /* MapView.swift */ = {isa = PBXFileReference; fileEncoding = 4; lastKnownFileType = sourcecode.swift; path = MapView.swift; sourceTree = "<group>"; };
		CFAB415F29739B6B00FB00D4 /* LocalizedStringKey+toString.swift */ = {isa = PBXFileReference; fileEncoding = 4; lastKnownFileType = sourcecode.swift; path = "LocalizedStringKey+toString.swift"; sourceTree = "<group>"; };
		CFAB416129739B6C00FB00D4 /* VisualEffectView.swift */ = {isa = PBXFileReference; fileEncoding = 4; lastKnownFileType = sourcecode.swift; path = VisualEffectView.swift; sourceTree = "<group>"; };
		CFAB41672973AF0800FB00D4 /* NewLocationPicker.swift */ = {isa = PBXFileReference; lastKnownFileType = sourcecode.swift; path = NewLocationPicker.swift; sourceTree = "<group>"; };
		CFAB41692973B76300FB00D4 /* LocationManager.swift */ = {isa = PBXFileReference; lastKnownFileType = sourcecode.swift; path = LocationManager.swift; sourceTree = "<group>"; };
		CFC2A49F2955774A00DE6AE9 /* ChatApp.app */ = {isa = PBXFileReference; explicitFileType = wrapper.application; includeInIndex = 0; path = ChatApp.app; sourceTree = BUILT_PRODUCTS_DIR; };
		CFC2A4A22955774A00DE6AE9 /* ChatAppApp.swift */ = {isa = PBXFileReference; lastKnownFileType = sourcecode.swift; path = ChatAppApp.swift; sourceTree = "<group>"; };
		CFC2A4A62955774C00DE6AE9 /* Assets.xcassets */ = {isa = PBXFileReference; lastKnownFileType = folder.assetcatalog; path = Assets.xcassets; sourceTree = "<group>"; };
		CFC2A4A92955774C00DE6AE9 /* Preview Assets.xcassets */ = {isa = PBXFileReference; lastKnownFileType = folder.assetcatalog; path = "Preview Assets.xcassets"; sourceTree = "<group>"; };
		CFC2A4AB2955774C00DE6AE9 /* Persistence.swift */ = {isa = PBXFileReference; lastKnownFileType = sourcecode.swift; path = Persistence.swift; sourceTree = "<group>"; };
		CFC2A4AE2955774C00DE6AE9 /* ChatApp.xcdatamodel */ = {isa = PBXFileReference; lastKnownFileType = wrapper.xcdatamodel; path = ChatApp.xcdatamodel; sourceTree = "<group>"; };
		CFC2A4B529557A3A00DE6AE9 /* HomePage.swift */ = {isa = PBXFileReference; lastKnownFileType = sourcecode.swift; path = HomePage.swift; sourceTree = "<group>"; };
		CFC2A4B929557C6D00DE6AE9 /* TabItemData.swift */ = {isa = PBXFileReference; lastKnownFileType = sourcecode.swift; path = TabItemData.swift; sourceTree = "<group>"; };
		CFC2A4BB29557C8A00DE6AE9 /* TabItemView.swift */ = {isa = PBXFileReference; lastKnownFileType = sourcecode.swift; path = TabItemView.swift; sourceTree = "<group>"; };
		CFC2A4BD29557CFA00DE6AE9 /* MainTabView.swift */ = {isa = PBXFileReference; lastKnownFileType = sourcecode.swift; path = MainTabView.swift; sourceTree = "<group>"; };
		CFDA2499DA44255D15C37525 /* Pods-ChatApp.debug.xcconfig */ = {isa = PBXFileReference; includeInIndex = 1; lastKnownFileType = text.xcconfig; name = "Pods-ChatApp.debug.xcconfig"; path = "Target Support Files/Pods-ChatApp/Pods-ChatApp.debug.xcconfig"; sourceTree = "<group>"; };
		EC2C045800D040E1068D8244 /* Pods-ChatApp.release.xcconfig */ = {isa = PBXFileReference; includeInIndex = 1; lastKnownFileType = text.xcconfig; name = "Pods-ChatApp.release.xcconfig"; path = "Target Support Files/Pods-ChatApp/Pods-ChatApp.release.xcconfig"; sourceTree = "<group>"; };
/* End PBXFileReference section */

/* Begin PBXFrameworksBuildPhase section */
		CFC2A49C2955774A00DE6AE9 /* Frameworks */ = {
			isa = PBXFrameworksBuildPhase;
			buildActionMask = 2147483647;
			files = (
				44A86BFFFB828355354192CC /* Pods_ChatApp.framework in Frameworks */,
			);
			runOnlyForDeploymentPostprocessing = 0;
		};
/* End PBXFrameworksBuildPhase section */

/* Begin PBXGroup section */
		23B4B02638BF2A488557F501 /* Pods */ = {
			isa = PBXGroup;
			children = (
				CFDA2499DA44255D15C37525 /* Pods-ChatApp.debug.xcconfig */,
				EC2C045800D040E1068D8244 /* Pods-ChatApp.release.xcconfig */,
			);
			path = Pods;
			sourceTree = "<group>";
		};
		C4D0A652B9317456941A67B7 /* Frameworks */ = {
			isa = PBXGroup;
			children = (
				2DAEA67B6CBC7D4D72694881 /* Pods_ChatApp.framework */,
			);
			name = Frameworks;
			sourceTree = "<group>";
		};
		CF07F47129581806007BDB4F /* Profile */ = {
			isa = PBXGroup;
			children = (
				CF07F47529581FA9007BDB4F /* Components */,
				CF07F4722958182E007BDB4F /* ProfileScreen.swift */,
			);
			path = Profile;
			sourceTree = "<group>";
		};
		CF07F47529581FA9007BDB4F /* Components */ = {
			isa = PBXGroup;
			children = (
				CF07F47629581FC3007BDB4F /* MenuItem.swift */,
				CF07F47829582112007BDB4F /* LargeButton.swift */,
			);
			path = Components;
			sourceTree = "<group>";
		};
		CF07F47A29582B38007BDB4F /* Repositry */ = {
			isa = PBXGroup;
			children = (
				CF07F47B29582B4E007BDB4F /* Model */,
				CF12E11429689BB3009B677C /* AFWrapper.swift */,
			);
			path = Repositry;
			sourceTree = "<group>";
		};
		CF07F47B29582B4E007BDB4F /* Model */ = {
			isa = PBXGroup;
			children = (
			);
			path = Model;
			sourceTree = "<group>";
		};
		CF07F47E29582C2A007BDB4F /* Dummy */ = {
			isa = PBXGroup;
			children = (
				CF07F47F29582C52007BDB4F /* DummyModel.swift */,
			);
			path = Dummy;
			sourceTree = "<group>";
		};
		CF07F48129582D49007BDB4F /* ChatList */ = {
			isa = PBXGroup;
			children = (
				CF635D9F2955B9CD00B66D53 /* Components */,
				CF635D9D2955B88A00B66D53 /* ChatList.swift */,
			);
			path = ChatList;
			sourceTree = "<group>";
		};
		CF07F48229582D55007BDB4F /* ChatRoom */ = {
			isa = PBXGroup;
			children = (
				CF07F48529582D85007BDB4F /* Components */,
				CF07F48329582D69007BDB4F /* ChatRoom.swift */,
				CF70E76B2958ABE400B70565 /* ChatRoomVM.swift */,
			);
			path = ChatRoom;
			sourceTree = "<group>";
		};
		CF07F48529582D85007BDB4F /* Components */ = {
			isa = PBXGroup;
			children = (
				CF671712295945E8001C53FE /* MessageCell */,
				CF07F486295830BB007BDB4F /* ChatRoomHeader.swift */,
				CF07F48829583443007BDB4F /* CustomButton.swift */,
				CF573CDE2958817200A263B1 /* MessageInput.swift */,
				CF2D3303295FFA5E00D286DE /* ChatDataSource.swift */,
				CF2D33102961ECCE00D286DE /* BottomOption.swift */,
				CF2D33122961F4DA00D286DE /* ButtonOutLineWithImage.swift */,
			);
			path = Components;
			sourceTree = "<group>";
		};
		CF2D330529600C3800D286DE /* ReceiveMessageCellView */ = {
			isa = PBXGroup;
			children = (
				CF67171729594BCF001C53FE /* ReceiveMessageCellView.swift */,
				CF2D330629600C5D00D286DE /* ReceiveMessageCellVM.swift */,
			);
			path = ReceiveMessageCellView;
			sourceTree = "<group>";
		};
		CF433FBA2956CBB700FFFB6D /* Fonts */ = {
			isa = PBXGroup;
			children = (
				CF07F47429581CCB007BDB4F /* Raleway-SemiBold.ttf */,
				CF07F46F2958171C007BDB4F /* Raleway-Bold.ttf */,
				CF433FBF2956CBD200FFFB6D /* DMSans-Bold.ttf */,
				CF433FC02956CBD200FFFB6D /* DMSans-Medium.ttf */,
				CF433FBC2956CBD200FFFB6D /* DMSans-Regular.ttf */,
				CF433FC72956DCB000FFFB6D /* Font+Extensions.swift */,
			);
			path = Fonts;
			sourceTree = "<group>";
		};
		CF433FC22956CC6A00FFFB6D /* LaunchScreen */ = {
			isa = PBXGroup;
			children = (
				CF73CBDB2956C49D005E5D5F /* launchscreen.storyboard */,
			);
			path = LaunchScreen;
			sourceTree = "<group>";
		};
		CF632C1029685E48003A005D /* Auth */ = {
			isa = PBXGroup;
			children = (
				CF632C1329686F09003A005D /* Components */,
				CF632C1129686B83003A005D /* LoginVIew.swift */,
				CF632C1C29688695003A005D /* LoginViewVM.swift */,
			);
			path = Auth;
			sourceTree = "<group>";
		};
		CF632C1329686F09003A005D /* Components */ = {
			isa = PBXGroup;
			children = (
				CF632C1429686F1B003A005D /* SocialLoginButton.swift */,
				CF632C16296871D3003A005D /* TextFiledInput.swift */,
				CF632C18296878D5003A005D /* CommonButton.swift */,
				CF632C1A2968830C003A005D /* TextFiledPassword.swift */,
			);
			path = Components;
			sourceTree = "<group>";
		};
		CF635D902955AE8A00B66D53 /* App */ = {
			isa = PBXGroup;
			children = (
				CFC2A4A22955774A00DE6AE9 /* ChatAppApp.swift */,
			);
			path = App;
			sourceTree = "<group>";
		};
		CF635D912955AE9600B66D53 /* Utilities */ = {
			isa = PBXGroup;
			children = (
				CF07F47E29582C2A007BDB4F /* Dummy */,
				CF433FBA2956CBB700FFFB6D /* Fonts */,
				CF635D922955AEB600B66D53 /* Navigation */,
				CF433FC32956D06A00FFFB6D /* ColorConstant.swift */,
				CF07F48A2958377D007BDB4F /* Constsnt.swift */,
				CF671715295946CC001C53FE /* Extensions.swift */,
				CF671719295964B7001C53FE /* Handlers.swift */,
				CF43F9A7296305EF00271CA3 /* StorageManager.swift */,
				CF43F9A92963C5CF00271CA3 /* DatabaseManager.swift */,
				CF632C1E296886F8003A005D /* Validators.swift */,
				CF12E11229689A59009B677C /* Reachability.swift */,
				CF12E11629689C22009B677C /* ApplicationServiceProvider.swift */,
				CF12E11829689FD0009B677C /* UserDefalutManger.swift */,
			);
			path = Utilities;
			sourceTree = "<group>";
		};
		CF635D922955AEB600B66D53 /* Navigation */ = {
			isa = PBXGroup;
			children = (
				CF635D942955AED900B66D53 /* Model */,
				CF635D932955AEC800B66D53 /* View */,
			);
			path = Navigation;
			sourceTree = "<group>";
		};
		CF635D932955AEC800B66D53 /* View */ = {
			isa = PBXGroup;
			children = (
				CF635D972955AFC200B66D53 /* RootView.swift */,
			);
			path = View;
			sourceTree = "<group>";
		};
		CF635D942955AED900B66D53 /* Model */ = {
			isa = PBXGroup;
			children = (
				CF635D952955AEF700B66D53 /* ViewRouter.swift */,
			);
			path = Model;
			sourceTree = "<group>";
		};
		CF635D9A2955B85300B66D53 /* View+ViewModel */ = {
			isa = PBXGroup;
			children = (
				CFAB415C29739B5C00FB00D4 /* LocationPicker */,
				CF632C1029685E48003A005D /* Auth */,
				CF67171B29596889001C53FE /* Shared */,
				CF07F47129581806007BDB4F /* Profile */,
				CF433FC22956CC6A00FFFB6D /* LaunchScreen */,
				CF635D9C2955B87900B66D53 /* Chat */,
				CF635D9B2955B86800B66D53 /* Home */,
				CFC2A4B729557C4A00DE6AE9 /* BottomTab */,
			);
			path = "View+ViewModel";
			sourceTree = "<group>";
		};
		CF635D9B2955B86800B66D53 /* Home */ = {
			isa = PBXGroup;
			children = (
				CFC2A4B529557A3A00DE6AE9 /* HomePage.swift */,
			);
			path = Home;
			sourceTree = "<group>";
		};
		CF635D9C2955B87900B66D53 /* Chat */ = {
			isa = PBXGroup;
			children = (
				CF07F48229582D55007BDB4F /* ChatRoom */,
				CF07F48129582D49007BDB4F /* ChatList */,
			);
			path = Chat;
			sourceTree = "<group>";
		};
		CF635D9F2955B9CD00B66D53 /* Components */ = {
			isa = PBXGroup;
			children = (
				CF433FC52956DB1100FFFB6D /* ChatUserView.swift */,
				CF433FCB2956E30900FFFB6D /* HeaderView.swift */,
			);
			path = Components;
			sourceTree = "<group>";
		};
		CF671712295945E8001C53FE /* MessageCell */ = {
			isa = PBXGroup;
			children = (
				CF2D330529600C3800D286DE /* ReceiveMessageCellView */,
				CF67171329594608001C53FE /* SenderTextMessageCellView.swift */,
				CF632C0829683FFC003A005D /* TextMessageView.swift */,
				CF632C0A29684053003A005D /* PDFMessageView.swift */,
				CF632C0C29684611003A005D /* LocationMessageView.swift */,
				CF632C0E29685CD3003A005D /* ImageMessageView.swift */,
			);
			path = MessageCell;
			sourceTree = "<group>";
		};
		CF67171B29596889001C53FE /* Shared */ = {
			isa = PBXGroup;
			children = (
				CF2D3308296012C400D286DE /* CustomScrollView.swift */,
				CF2D330A296015D700D286DE /* CustomFilePicker.swift */,
				CF2D330E2961EA7300D286DE /* BottomSheet.swift */,
				CF67171C29596898001C53FE /* CommonAlert.swift */,
				CF2D330C2961E24900D286DE /* CustomAlert.swift */,
				CF2D33142961F59C00D286DE /* ImagePickerView.swift */,
			);
			path = Shared;
			sourceTree = "<group>";
		};
		CF70E76D2958ABEF00B70565 /* Base */ = {
			isa = PBXGroup;
			children = (
				CF70E76E2958AC0900B70565 /* BaseVM.swift */,
				CF67171E29596B85001C53FE /* BaseView.swift */,
			);
			path = Base;
			sourceTree = "<group>";
		};
		CFAB415C29739B5C00FB00D4 /* LocationPicker */ = {
			isa = PBXGroup;
			children = (
				CFAB415F29739B6B00FB00D4 /* LocalizedStringKey+toString.swift */,
				CFAB415E29739B6B00FB00D4 /* MapView.swift */,
				CFAB416129739B6C00FB00D4 /* VisualEffectView.swift */,
				CFAB41672973AF0800FB00D4 /* NewLocationPicker.swift */,
				CFAB41692973B76300FB00D4 /* LocationManager.swift */,
			);
			path = LocationPicker;
			sourceTree = "<group>";
		};
		CFC2A4962955774A00DE6AE9 = {
			isa = PBXGroup;
			children = (
				CFC2A4A12955774A00DE6AE9 /* ChatApp */,
				CFC2A4A02955774A00DE6AE9 /* Products */,
				23B4B02638BF2A488557F501 /* Pods */,
				C4D0A652B9317456941A67B7 /* Frameworks */,
			);
			sourceTree = "<group>";
		};
		CFC2A4A02955774A00DE6AE9 /* Products */ = {
			isa = PBXGroup;
			children = (
				CFC2A49F2955774A00DE6AE9 /* ChatApp.app */,
			);
			name = Products;
			sourceTree = "<group>";
		};
		CFC2A4A12955774A00DE6AE9 /* ChatApp */ = {
			isa = PBXGroup;
			children = (
				CF70E7692958AB0C00B70565 /* GoogleService-Info.plist */,
				CF433FC12956CC1B00FFFB6D /* Info.plist */,
				CF635D902955AE8A00B66D53 /* App */,
				CF70E76D2958ABEF00B70565 /* Base */,
				CF635D9A2955B85300B66D53 /* View+ViewModel */,
				CF07F47A29582B38007BDB4F /* Repositry */,
				CF635D912955AE9600B66D53 /* Utilities */,
				CFC2A4A62955774C00DE6AE9 /* Assets.xcassets */,
				CFC2A4AB2955774C00DE6AE9 /* Persistence.swift */,
				CFC2A4AD2955774C00DE6AE9 /* ChatApp.xcdatamodeld */,
				CFC2A4A82955774C00DE6AE9 /* Preview Content */,
			);
			path = ChatApp;
			sourceTree = "<group>";
		};
		CFC2A4A82955774C00DE6AE9 /* Preview Content */ = {
			isa = PBXGroup;
			children = (
				CFC2A4A92955774C00DE6AE9 /* Preview Assets.xcassets */,
			);
			path = "Preview Content";
			sourceTree = "<group>";
		};
		CFC2A4B729557C4A00DE6AE9 /* BottomTab */ = {
			isa = PBXGroup;
			children = (
				CFC2A4B829557C5900DE6AE9 /* Model */,
				CFC2A4BB29557C8A00DE6AE9 /* TabItemView.swift */,
				CFC2A4BD29557CFA00DE6AE9 /* MainTabView.swift */,
			);
			path = BottomTab;
			sourceTree = "<group>";
		};
		CFC2A4B829557C5900DE6AE9 /* Model */ = {
			isa = PBXGroup;
			children = (
				CFC2A4B929557C6D00DE6AE9 /* TabItemData.swift */,
			);
			path = Model;
			sourceTree = "<group>";
		};
/* End PBXGroup section */

/* Begin PBXNativeTarget section */
		CFC2A49E2955774A00DE6AE9 /* ChatApp */ = {
			isa = PBXNativeTarget;
			buildConfigurationList = CFC2A4B22955774C00DE6AE9 /* Build configuration list for PBXNativeTarget "ChatApp" */;
			buildPhases = (
				E02EF6EBC029A39B2CF9F606 /* [CP] Check Pods Manifest.lock */,
				CFC2A49B2955774A00DE6AE9 /* Sources */,
				CFC2A49C2955774A00DE6AE9 /* Frameworks */,
				CFC2A49D2955774A00DE6AE9 /* Resources */,
				51CE368FFA07F2AAA8C606F5 /* [CP] Embed Pods Frameworks */,
			);
			buildRules = (
			);
			dependencies = (
			);
			name = ChatApp;
			productName = ChatApp;
			productReference = CFC2A49F2955774A00DE6AE9 /* ChatApp.app */;
			productType = "com.apple.product-type.application";
		};
/* End PBXNativeTarget section */

/* Begin PBXProject section */
		CFC2A4972955774A00DE6AE9 /* Project object */ = {
			isa = PBXProject;
			attributes = {
				BuildIndependentTargetsInParallel = 1;
				LastSwiftUpdateCheck = 1420;
				LastUpgradeCheck = 1420;
				TargetAttributes = {
					CFC2A49E2955774A00DE6AE9 = {
						CreatedOnToolsVersion = 14.2;
					};
				};
			};
			buildConfigurationList = CFC2A49A2955774A00DE6AE9 /* Build configuration list for PBXProject "ChatApp" */;
			compatibilityVersion = "Xcode 14.0";
			developmentRegion = en;
			hasScannedForEncodings = 0;
			knownRegions = (
				en,
				Base,
			);
			mainGroup = CFC2A4962955774A00DE6AE9;
			productRefGroup = CFC2A4A02955774A00DE6AE9 /* Products */;
			projectDirPath = "";
			projectRoot = "";
			targets = (
				CFC2A49E2955774A00DE6AE9 /* ChatApp */,
			);
		};
/* End PBXProject section */

/* Begin PBXResourcesBuildPhase section */
		CFC2A49D2955774A00DE6AE9 /* Resources */ = {
			isa = PBXResourcesBuildPhase;
			buildActionMask = 2147483647;
			files = (
				CFC2A4AA2955774C00DE6AE9 /* Preview Assets.xcassets in Resources */,
				CF73CBDC2956C49D005E5D5F /* launchscreen.storyboard in Resources */,
				CF70E76A2958AB0C00B70565 /* GoogleService-Info.plist in Resources */,
				CFC2A4A72955774C00DE6AE9 /* Assets.xcassets in Resources */,
				CF07F4702958171C007BDB4F /* Raleway-Bold.ttf in Resources */,
			);
			runOnlyForDeploymentPostprocessing = 0;
		};
/* End PBXResourcesBuildPhase section */

/* Begin PBXShellScriptBuildPhase section */
		51CE368FFA07F2AAA8C606F5 /* [CP] Embed Pods Frameworks */ = {
			isa = PBXShellScriptBuildPhase;
			buildActionMask = 2147483647;
			files = (
			);
			inputFileListPaths = (
				"${PODS_ROOT}/Target Support Files/Pods-ChatApp/Pods-ChatApp-frameworks-${CONFIGURATION}-input-files.xcfilelist",
			);
			name = "[CP] Embed Pods Frameworks";
			outputFileListPaths = (
				"${PODS_ROOT}/Target Support Files/Pods-ChatApp/Pods-ChatApp-frameworks-${CONFIGURATION}-output-files.xcfilelist",
			);
			runOnlyForDeploymentPostprocessing = 0;
			shellPath = /bin/sh;
			shellScript = "\"${PODS_ROOT}/Target Support Files/Pods-ChatApp/Pods-ChatApp-frameworks.sh\"\n";
			showEnvVarsInLog = 0;
		};
		E02EF6EBC029A39B2CF9F606 /* [CP] Check Pods Manifest.lock */ = {
			isa = PBXShellScriptBuildPhase;
			buildActionMask = 2147483647;
			files = (
			);
			inputFileListPaths = (
			);
			inputPaths = (
				"${PODS_PODFILE_DIR_PATH}/Podfile.lock",
				"${PODS_ROOT}/Manifest.lock",
			);
			name = "[CP] Check Pods Manifest.lock";
			outputFileListPaths = (
			);
			outputPaths = (
				"$(DERIVED_FILE_DIR)/Pods-ChatApp-checkManifestLockResult.txt",
			);
			runOnlyForDeploymentPostprocessing = 0;
			shellPath = /bin/sh;
			shellScript = "diff \"${PODS_PODFILE_DIR_PATH}/Podfile.lock\" \"${PODS_ROOT}/Manifest.lock\" > /dev/null\nif [ $? != 0 ] ; then\n    # print error to STDERR\n    echo \"error: The sandbox is not in sync with the Podfile.lock. Run 'pod install' or update your CocoaPods installation.\" >&2\n    exit 1\nfi\n# This output is used by Xcode 'outputs' to avoid re-running this script phase.\necho \"SUCCESS\" > \"${SCRIPT_OUTPUT_FILE_0}\"\n";
			showEnvVarsInLog = 0;
		};
/* End PBXShellScriptBuildPhase section */

/* Begin PBXSourcesBuildPhase section */
		CFC2A49B2955774A00DE6AE9 /* Sources */ = {
			isa = PBXSourcesBuildPhase;
			buildActionMask = 2147483647;
			files = (
				CF573CDF2958817200A263B1 /* MessageInput.swift in Sources */,
				CF07F47729581FC3007BDB4F /* MenuItem.swift in Sources */,
				CFAB416629739B6C00FB00D4 /* VisualEffectView.swift in Sources */,
				CF632C1529686F1B003A005D /* SocialLoginButton.swift in Sources */,
				CF2D3304295FFA5E00D286DE /* ChatDataSource.swift in Sources */,
				CF635D962955AEF700B66D53 /* ViewRouter.swift in Sources */,
				CF632C0F29685CD3003A005D /* ImageMessageView.swift in Sources */,
				CF2D33152961F59C00D286DE /* ImagePickerView.swift in Sources */,
				CF2D330B296015D700D286DE /* CustomFilePicker.swift in Sources */,
				CFC2A4BA29557C6D00DE6AE9 /* TabItemData.swift in Sources */,
				CFC2A4BC29557C8A00DE6AE9 /* TabItemView.swift in Sources */,
				CFC2A4B629557A3A00DE6AE9 /* HomePage.swift in Sources */,
				CFAB41682973AF0800FB00D4 /* NewLocationPicker.swift in Sources */,
				CF70E76C2958ABE400B70565 /* ChatRoomVM.swift in Sources */,
				CF2D330729600C5D00D286DE /* ReceiveMessageCellVM.swift in Sources */,
				CF671716295946CC001C53FE /* Extensions.swift in Sources */,
				CF12E11329689A59009B677C /* Reachability.swift in Sources */,
				CF43F9AA2963C5CF00271CA3 /* DatabaseManager.swift in Sources */,
				CF635D982955AFC200B66D53 /* RootView.swift in Sources */,
				CF632C1B2968830C003A005D /* TextFiledPassword.swift in Sources */,
				CFAB416429739B6C00FB00D4 /* LocalizedStringKey+toString.swift in Sources */,
				CF67171F29596B85001C53FE /* BaseView.swift in Sources */,
				CFC2A4BE29557CFA00DE6AE9 /* MainTabView.swift in Sources */,
				CF12E11729689C22009B677C /* ApplicationServiceProvider.swift in Sources */,
				CFC2A4AC2955774C00DE6AE9 /* Persistence.swift in Sources */,
				CF2D3309296012C400D286DE /* CustomScrollView.swift in Sources */,
				CF632C0D29684611003A005D /* LocationMessageView.swift in Sources */,
				CF635D9E2955B88A00B66D53 /* ChatList.swift in Sources */,
				CFC2A4AF2955774C00DE6AE9 /* ChatApp.xcdatamodeld in Sources */,
				CF12E11929689FD0009B677C /* UserDefalutManger.swift in Sources */,
				CF67171D29596898001C53FE /* CommonAlert.swift in Sources */,
				CF67171A295964B7001C53FE /* Handlers.swift in Sources */,
				CF70E76F2958AC0900B70565 /* BaseVM.swift in Sources */,
				CF433FC62956DB1100FFFB6D /* ChatUserView.swift in Sources */,
				CF433FCC2956E30900FFFB6D /* HeaderView.swift in Sources */,
				CFAB416A2973B76300FB00D4 /* LocationManager.swift in Sources */,
				CF07F487295830BB007BDB4F /* ChatRoomHeader.swift in Sources */,
				CF07F48B2958377D007BDB4F /* Constsnt.swift in Sources */,
				CF2D330D2961E24900D286DE /* CustomAlert.swift in Sources */,
				CF07F48029582C52007BDB4F /* DummyModel.swift in Sources */,
				CF433FC82956DCB000FFFB6D /* Font+Extensions.swift in Sources */,
				CFAB416329739B6C00FB00D4 /* MapView.swift in Sources */,
				CF632C1229686B83003A005D /* LoginVIew.swift in Sources */,
				CF2D33112961ECCE00D286DE /* BottomOption.swift in Sources */,
				CFC2A4A32955774A00DE6AE9 /* ChatAppApp.swift in Sources */,
				CF632C17296871D3003A005D /* TextFiledInput.swift in Sources */,
				CF43F9A8296305EF00271CA3 /* StorageManager.swift in Sources */,
				CF632C0929683FFD003A005D /* TextMessageView.swift in Sources */,
				CF632C0B29684053003A005D /* PDFMessageView.swift in Sources */,
				CF2D33132961F4DA00D286DE /* ButtonOutLineWithImage.swift in Sources */,
				CF07F48929583443007BDB4F /* CustomButton.swift in Sources */,
				CF433FC42956D06A00FFFB6D /* ColorConstant.swift in Sources */,
				CF67171829594BCF001C53FE /* ReceiveMessageCellView.swift in Sources */,
				CF07F4732958182E007BDB4F /* ProfileScreen.swift in Sources */,
				CF07F48429582D69007BDB4F /* ChatRoom.swift in Sources */,
				CF632C1F296886F8003A005D /* Validators.swift in Sources */,
				CF07F47929582112007BDB4F /* LargeButton.swift in Sources */,
				CF2D330F2961EA7300D286DE /* BottomSheet.swift in Sources */,
				CF632C1D29688695003A005D /* LoginViewVM.swift in Sources */,
				CF632C19296878D5003A005D /* CommonButton.swift in Sources */,
				CF12E11529689BB3009B677C /* AFWrapper.swift in Sources */,
				CF67171429594608001C53FE /* SenderTextMessageCellView.swift in Sources */,
			);
			runOnlyForDeploymentPostprocessing = 0;
		};
/* End PBXSourcesBuildPhase section */

/* Begin XCBuildConfiguration section */
		CFC2A4B02955774C00DE6AE9 /* Debug */ = {
			isa = XCBuildConfiguration;
			buildSettings = {
				ALWAYS_SEARCH_USER_PATHS = NO;
				CLANG_ANALYZER_NONNULL = YES;
				CLANG_ANALYZER_NUMBER_OBJECT_CONVERSION = YES_AGGRESSIVE;
				CLANG_CXX_LANGUAGE_STANDARD = "gnu++20";
				CLANG_ENABLE_MODULES = YES;
				CLANG_ENABLE_OBJC_ARC = YES;
				CLANG_ENABLE_OBJC_WEAK = YES;
				CLANG_WARN_BLOCK_CAPTURE_AUTORELEASING = YES;
				CLANG_WARN_BOOL_CONVERSION = YES;
				CLANG_WARN_COMMA = YES;
				CLANG_WARN_CONSTANT_CONVERSION = YES;
				CLANG_WARN_DEPRECATED_OBJC_IMPLEMENTATIONS = YES;
				CLANG_WARN_DIRECT_OBJC_ISA_USAGE = YES_ERROR;
				CLANG_WARN_DOCUMENTATION_COMMENTS = YES;
				CLANG_WARN_EMPTY_BODY = YES;
				CLANG_WARN_ENUM_CONVERSION = YES;
				CLANG_WARN_INFINITE_RECURSION = YES;
				CLANG_WARN_INT_CONVERSION = YES;
				CLANG_WARN_NON_LITERAL_NULL_CONVERSION = YES;
				CLANG_WARN_OBJC_IMPLICIT_RETAIN_SELF = YES;
				CLANG_WARN_OBJC_LITERAL_CONVERSION = YES;
				CLANG_WARN_OBJC_ROOT_CLASS = YES_ERROR;
				CLANG_WARN_QUOTED_INCLUDE_IN_FRAMEWORK_HEADER = YES;
				CLANG_WARN_RANGE_LOOP_ANALYSIS = YES;
				CLANG_WARN_STRICT_PROTOTYPES = YES;
				CLANG_WARN_SUSPICIOUS_MOVE = YES;
				CLANG_WARN_UNGUARDED_AVAILABILITY = YES_AGGRESSIVE;
				CLANG_WARN_UNREACHABLE_CODE = YES;
				CLANG_WARN__DUPLICATE_METHOD_MATCH = YES;
				COPY_PHASE_STRIP = NO;
				DEBUG_INFORMATION_FORMAT = dwarf;
				ENABLE_STRICT_OBJC_MSGSEND = YES;
				ENABLE_TESTABILITY = YES;
				GCC_C_LANGUAGE_STANDARD = gnu11;
				GCC_DYNAMIC_NO_PIC = NO;
				GCC_NO_COMMON_BLOCKS = YES;
				GCC_OPTIMIZATION_LEVEL = 0;
				GCC_PREPROCESSOR_DEFINITIONS = (
					"DEBUG=1",
					"$(inherited)",
				);
				GCC_WARN_64_TO_32_BIT_CONVERSION = YES;
				GCC_WARN_ABOUT_RETURN_TYPE = YES_ERROR;
				GCC_WARN_UNDECLARED_SELECTOR = YES;
				GCC_WARN_UNINITIALIZED_AUTOS = YES_AGGRESSIVE;
				GCC_WARN_UNUSED_FUNCTION = YES;
				GCC_WARN_UNUSED_VARIABLE = YES;
				IPHONEOS_DEPLOYMENT_TARGET = 14.0;
				MTL_ENABLE_DEBUG_INFO = INCLUDE_SOURCE;
				MTL_FAST_MATH = YES;
				ONLY_ACTIVE_ARCH = YES;
				SDKROOT = iphoneos;
				SWIFT_ACTIVE_COMPILATION_CONDITIONS = DEBUG;
				SWIFT_OPTIMIZATION_LEVEL = "-Onone";
			};
			name = Debug;
		};
		CFC2A4B12955774C00DE6AE9 /* Release */ = {
			isa = XCBuildConfiguration;
			buildSettings = {
				ALWAYS_SEARCH_USER_PATHS = NO;
				CLANG_ANALYZER_NONNULL = YES;
				CLANG_ANALYZER_NUMBER_OBJECT_CONVERSION = YES_AGGRESSIVE;
				CLANG_CXX_LANGUAGE_STANDARD = "gnu++20";
				CLANG_ENABLE_MODULES = YES;
				CLANG_ENABLE_OBJC_ARC = YES;
				CLANG_ENABLE_OBJC_WEAK = YES;
				CLANG_WARN_BLOCK_CAPTURE_AUTORELEASING = YES;
				CLANG_WARN_BOOL_CONVERSION = YES;
				CLANG_WARN_COMMA = YES;
				CLANG_WARN_CONSTANT_CONVERSION = YES;
				CLANG_WARN_DEPRECATED_OBJC_IMPLEMENTATIONS = YES;
				CLANG_WARN_DIRECT_OBJC_ISA_USAGE = YES_ERROR;
				CLANG_WARN_DOCUMENTATION_COMMENTS = YES;
				CLANG_WARN_EMPTY_BODY = YES;
				CLANG_WARN_ENUM_CONVERSION = YES;
				CLANG_WARN_INFINITE_RECURSION = YES;
				CLANG_WARN_INT_CONVERSION = YES;
				CLANG_WARN_NON_LITERAL_NULL_CONVERSION = YES;
				CLANG_WARN_OBJC_IMPLICIT_RETAIN_SELF = YES;
				CLANG_WARN_OBJC_LITERAL_CONVERSION = YES;
				CLANG_WARN_OBJC_ROOT_CLASS = YES_ERROR;
				CLANG_WARN_QUOTED_INCLUDE_IN_FRAMEWORK_HEADER = YES;
				CLANG_WARN_RANGE_LOOP_ANALYSIS = YES;
				CLANG_WARN_STRICT_PROTOTYPES = YES;
				CLANG_WARN_SUSPICIOUS_MOVE = YES;
				CLANG_WARN_UNGUARDED_AVAILABILITY = YES_AGGRESSIVE;
				CLANG_WARN_UNREACHABLE_CODE = YES;
				CLANG_WARN__DUPLICATE_METHOD_MATCH = YES;
				COPY_PHASE_STRIP = NO;
				DEBUG_INFORMATION_FORMAT = "dwarf-with-dsym";
				ENABLE_NS_ASSERTIONS = NO;
				ENABLE_STRICT_OBJC_MSGSEND = YES;
				GCC_C_LANGUAGE_STANDARD = gnu11;
				GCC_NO_COMMON_BLOCKS = YES;
				GCC_WARN_64_TO_32_BIT_CONVERSION = YES;
				GCC_WARN_ABOUT_RETURN_TYPE = YES_ERROR;
				GCC_WARN_UNDECLARED_SELECTOR = YES;
				GCC_WARN_UNINITIALIZED_AUTOS = YES_AGGRESSIVE;
				GCC_WARN_UNUSED_FUNCTION = YES;
				GCC_WARN_UNUSED_VARIABLE = YES;
				IPHONEOS_DEPLOYMENT_TARGET = 14.0;
				MTL_ENABLE_DEBUG_INFO = NO;
				MTL_FAST_MATH = YES;
				SDKROOT = iphoneos;
				SWIFT_COMPILATION_MODE = wholemodule;
				SWIFT_OPTIMIZATION_LEVEL = "-O";
				VALIDATE_PRODUCT = YES;
			};
			name = Release;
		};
		CFC2A4B32955774C00DE6AE9 /* Debug */ = {
			isa = XCBuildConfiguration;
			baseConfigurationReference = CFDA2499DA44255D15C37525 /* Pods-ChatApp.debug.xcconfig */;
			buildSettings = {
				ASSETCATALOG_COMPILER_APPICON_NAME = AppIcon;
				ASSETCATALOG_COMPILER_GLOBAL_ACCENT_COLOR_NAME = AccentColor;
				CODE_SIGN_STYLE = Automatic;
				CURRENT_PROJECT_VERSION = 1;
				DEVELOPMENT_ASSET_PATHS = "\"ChatApp/Preview Content\"";
				DEVELOPMENT_TEAM = NPXX324A2L;
				ENABLE_PREVIEWS = YES;
				GENERATE_INFOPLIST_FILE = YES;
				INFOPLIST_FILE = ChatApp/Info.plist;
				INFOPLIST_KEY_UIApplicationSceneManifest_Generation = YES;
				INFOPLIST_KEY_UIApplicationSupportsIndirectInputEvents = YES;
				INFOPLIST_KEY_UILaunchStoryboardName = launchscreen.storyboard;
				INFOPLIST_KEY_UISupportedInterfaceOrientations_iPad = "UIInterfaceOrientationPortrait UIInterfaceOrientationPortraitUpsideDown UIInterfaceOrientationLandscapeLeft UIInterfaceOrientationLandscapeRight";
				INFOPLIST_KEY_UISupportedInterfaceOrientations_iPhone = "UIInterfaceOrientationPortrait UIInterfaceOrientationLandscapeLeft UIInterfaceOrientationLandscapeRight";
				LD_RUNPATH_SEARCH_PATHS = (
					"$(inherited)",
					"@executable_path/Frameworks",
				);
				MARKETING_VERSION = 1.0;
				PRODUCT_BUNDLE_IDENTIFIER = com.kaviya.ChatApp;
				PRODUCT_NAME = "$(TARGET_NAME)";
				SWIFT_EMIT_LOC_STRINGS = YES;
				SWIFT_VERSION = 5.0;
				TARGETED_DEVICE_FAMILY = "1,2";
			};
			name = Debug;
		};
		CFC2A4B42955774C00DE6AE9 /* Release */ = {
			isa = XCBuildConfiguration;
			baseConfigurationReference = EC2C045800D040E1068D8244 /* Pods-ChatApp.release.xcconfig */;
			buildSettings = {
				ASSETCATALOG_COMPILER_APPICON_NAME = AppIcon;
				ASSETCATALOG_COMPILER_GLOBAL_ACCENT_COLOR_NAME = AccentColor;
				CODE_SIGN_STYLE = Automatic;
				CURRENT_PROJECT_VERSION = 1;
				DEVELOPMENT_ASSET_PATHS = "\"ChatApp/Preview Content\"";
				DEVELOPMENT_TEAM = NPXX324A2L;
				ENABLE_PREVIEWS = YES;
				GENERATE_INFOPLIST_FILE = YES;
				INFOPLIST_FILE = ChatApp/Info.plist;
				INFOPLIST_KEY_UIApplicationSceneManifest_Generation = YES;
				INFOPLIST_KEY_UIApplicationSupportsIndirectInputEvents = YES;
				INFOPLIST_KEY_UILaunchStoryboardName = launchscreen.storyboard;
				INFOPLIST_KEY_UISupportedInterfaceOrientations_iPad = "UIInterfaceOrientationPortrait UIInterfaceOrientationPortraitUpsideDown UIInterfaceOrientationLandscapeLeft UIInterfaceOrientationLandscapeRight";
				INFOPLIST_KEY_UISupportedInterfaceOrientations_iPhone = "UIInterfaceOrientationPortrait UIInterfaceOrientationLandscapeLeft UIInterfaceOrientationLandscapeRight";
				LD_RUNPATH_SEARCH_PATHS = (
					"$(inherited)",
					"@executable_path/Frameworks",
				);
				MARKETING_VERSION = 1.0;
				PRODUCT_BUNDLE_IDENTIFIER = com.kaviya.ChatApp;
				PRODUCT_NAME = "$(TARGET_NAME)";
				SWIFT_EMIT_LOC_STRINGS = YES;
				SWIFT_VERSION = 5.0;
				TARGETED_DEVICE_FAMILY = "1,2";
			};
			name = Release;
		};
/* End XCBuildConfiguration section */

/* Begin XCConfigurationList section */
		CFC2A49A2955774A00DE6AE9 /* Build configuration list for PBXProject "ChatApp" */ = {
			isa = XCConfigurationList;
			buildConfigurations = (
				CFC2A4B02955774C00DE6AE9 /* Debug */,
				CFC2A4B12955774C00DE6AE9 /* Release */,
			);
			defaultConfigurationIsVisible = 0;
			defaultConfigurationName = Release;
		};
		CFC2A4B22955774C00DE6AE9 /* Build configuration list for PBXNativeTarget "ChatApp" */ = {
			isa = XCConfigurationList;
			buildConfigurations = (
				CFC2A4B32955774C00DE6AE9 /* Debug */,
				CFC2A4B42955774C00DE6AE9 /* Release */,
			);
			defaultConfigurationIsVisible = 0;
			defaultConfigurationName = Release;
		};
/* End XCConfigurationList section */

/* Begin XCVersionGroup section */
		CFC2A4AD2955774C00DE6AE9 /* ChatApp.xcdatamodeld */ = {
			isa = XCVersionGroup;
			children = (
				CFC2A4AE2955774C00DE6AE9 /* ChatApp.xcdatamodel */,
			);
			currentVersion = CFC2A4AE2955774C00DE6AE9 /* ChatApp.xcdatamodel */;
			path = ChatApp.xcdatamodeld;
			sourceTree = "<group>";
			versionGroupType = wrapper.xcdatamodel;
		};
/* End XCVersionGroup section */
	};
	rootObject = CFC2A4972955774A00DE6AE9 /* Project object */;
}
